// !$*UTF8*$!
{
	archiveVersion = 1;
	classes = {
	};
	objectVersion = 51;
	objects = {

/* Begin PBXBuildFile section */
		20B70C2F303F5CE254801E59 /* Pods_StarWars.framework in Frameworks */ = {isa = PBXBuildFile; fileRef = B5AC239EA8F0C7FB8F393B7C /* Pods_StarWars.framework */; };
		E668899424DAF6F9009B2F27 /* FadeEnabledBtn.swift in Sources */ = {isa = PBXBuildFile; fileRef = E668899324DAF6F9009B2F27 /* FadeEnabledBtn.swift */; };
		E668899624DAFBB3009B2F27 /* HomeworldViewController.swift in Sources */ = {isa = PBXBuildFile; fileRef = E668899524DAFBB3009B2F27 /* HomeworldViewController.swift */; };
		E668899824DAFBC4009B2F27 /* VehicleViewController.swift in Sources */ = {isa = PBXBuildFile; fileRef = E668899724DAFBC4009B2F27 /* VehicleViewController.swift */; };
		E668899A24DAFBD0009B2F27 /* StarshipViewController.swift in Sources */ = {isa = PBXBuildFile; fileRef = E668899924DAFBD0009B2F27 /* StarshipViewController.swift */; };
		E668899C24DAFBDD009B2F27 /* MovieViewController.swift in Sources */ = {isa = PBXBuildFile; fileRef = E668899B24DAFBDD009B2F27 /* MovieViewController.swift */; };
		E673E2D524D842B7002717A3 /* AppDelegate.swift in Sources */ = {isa = PBXBuildFile; fileRef = E673E2D424D842B7002717A3 /* AppDelegate.swift */; };
		E673E2D724D842B7002717A3 /* SceneDelegate.swift in Sources */ = {isa = PBXBuildFile; fileRef = E673E2D624D842B7002717A3 /* SceneDelegate.swift */; };
		E673E2D924D842B7002717A3 /* SelectPersonViewController.swift in Sources */ = {isa = PBXBuildFile; fileRef = E673E2D824D842B7002717A3 /* SelectPersonViewController.swift */; };
		E673E2DC24D842B7002717A3 /* Main.storyboard in Resources */ = {isa = PBXBuildFile; fileRef = E673E2DA24D842B7002717A3 /* Main.storyboard */; };
		E673E2DF24D842B7002717A3 /* StarWars.xcdatamodeld in Sources */ = {isa = PBXBuildFile; fileRef = E673E2DD24D842B7002717A3 /* StarWars.xcdatamodeld */; };
		E673E2E124D842BB002717A3 /* Assets.xcassets in Resources */ = {isa = PBXBuildFile; fileRef = E673E2E024D842BB002717A3 /* Assets.xcassets */; };
		E673E2E424D842BB002717A3 /* LaunchScreen.storyboard in Resources */ = {isa = PBXBuildFile; fileRef = E673E2E224D842BB002717A3 /* LaunchScreen.storyboard */; };
		E673E2EE24D844D4002717A3 /* Starjedi.ttf in Resources */ = {isa = PBXBuildFile; fileRef = E673E2EB24D844D4002717A3 /* Starjedi.ttf */; };
		E673E2EF24D844D4002717A3 /* Starjhol.ttf in Resources */ = {isa = PBXBuildFile; fileRef = E673E2EC24D844D4002717A3 /* Starjhol.ttf */; };
		E673E2F024D844D4002717A3 /* Starjout.ttf in Resources */ = {isa = PBXBuildFile; fileRef = E673E2ED24D844D4002717A3 /* Starjout.ttf */; };
		E673E2F724D84C30002717A3 /* BlackBgView.swift in Sources */ = {isa = PBXBuildFile; fileRef = E673E2F624D84C30002717A3 /* BlackBgView.swift */; };
		E6EF462D24D9A67100A99E54 /* Constants.swift in Sources */ = {isa = PBXBuildFile; fileRef = E6EF462C24D9A67100A99E54 /* Constants.swift */; };
		E6EF463024D9A70A00A99E54 /* PersonApi.swift in Sources */ = {isa = PBXBuildFile; fileRef = E6EF462F24D9A70A00A99E54 /* PersonApi.swift */; };
		E6EF463224D9B25A00A99E54 /* Person.swift in Sources */ = {isa = PBXBuildFile; fileRef = E6EF463124D9B25A00A99E54 /* Person.swift */; };
/* End PBXBuildFile section */

/* Begin PBXFileReference section */
		29D106BCD74E15BE3ED850F9 /* Pods-StarWars.release.xcconfig */ = {isa = PBXFileReference; includeInIndex = 1; lastKnownFileType = text.xcconfig; name = "Pods-StarWars.release.xcconfig"; path = "Target Support Files/Pods-StarWars/Pods-StarWars.release.xcconfig"; sourceTree = "<group>"; };
		9D1E168A5597AFD9D5925933 /* Pods-StarWars.debug.xcconfig */ = {isa = PBXFileReference; includeInIndex = 1; lastKnownFileType = text.xcconfig; name = "Pods-StarWars.debug.xcconfig"; path = "Target Support Files/Pods-StarWars/Pods-StarWars.debug.xcconfig"; sourceTree = "<group>"; };
		B5AC239EA8F0C7FB8F393B7C /* Pods_StarWars.framework */ = {isa = PBXFileReference; explicitFileType = wrapper.framework; includeInIndex = 0; path = Pods_StarWars.framework; sourceTree = BUILT_PRODUCTS_DIR; };
		E668899324DAF6F9009B2F27 /* FadeEnabledBtn.swift */ = {isa = PBXFileReference; lastKnownFileType = sourcecode.swift; path = FadeEnabledBtn.swift; sourceTree = "<group>"; };
		E668899524DAFBB3009B2F27 /* HomeworldViewController.swift */ = {isa = PBXFileReference; lastKnownFileType = sourcecode.swift; path = HomeworldViewController.swift; sourceTree = "<group>"; };
		E668899724DAFBC4009B2F27 /* VehicleViewController.swift */ = {isa = PBXFileReference; lastKnownFileType = sourcecode.swift; path = VehicleViewController.swift; sourceTree = "<group>"; };
		E668899924DAFBD0009B2F27 /* StarshipViewController.swift */ = {isa = PBXFileReference; lastKnownFileType = sourcecode.swift; path = StarshipViewController.swift; sourceTree = "<group>"; };
		E668899B24DAFBDD009B2F27 /* MovieViewController.swift */ = {isa = PBXFileReference; lastKnownFileType = sourcecode.swift; path = MovieViewController.swift; sourceTree = "<group>"; };
		E673E2D124D842B7002717A3 /* StarWars.app */ = {isa = PBXFileReference; explicitFileType = wrapper.application; includeInIndex = 0; path = StarWars.app; sourceTree = BUILT_PRODUCTS_DIR; };
		E673E2D424D842B7002717A3 /* AppDelegate.swift */ = {isa = PBXFileReference; lastKnownFileType = sourcecode.swift; path = AppDelegate.swift; sourceTree = "<group>"; };
		E673E2D624D842B7002717A3 /* SceneDelegate.swift */ = {isa = PBXFileReference; lastKnownFileType = sourcecode.swift; path = SceneDelegate.swift; sourceTree = "<group>"; };
		E673E2D824D842B7002717A3 /* SelectPersonViewController.swift */ = {isa = PBXFileReference; lastKnownFileType = sourcecode.swift; path = SelectPersonViewController.swift; sourceTree = "<group>"; };
		E673E2DB24D842B7002717A3 /* Base */ = {isa = PBXFileReference; lastKnownFileType = file.storyboard; name = Base; path = Base.lproj/Main.storyboard; sourceTree = "<group>"; };
		E673E2DE24D842B7002717A3 /* StarWars.xcdatamodel */ = {isa = PBXFileReference; lastKnownFileType = wrapper.xcdatamodel; path = StarWars.xcdatamodel; sourceTree = "<group>"; };
		E673E2E024D842BB002717A3 /* Assets.xcassets */ = {isa = PBXFileReference; lastKnownFileType = folder.assetcatalog; path = Assets.xcassets; sourceTree = "<group>"; };
		E673E2E324D842BB002717A3 /* Base */ = {isa = PBXFileReference; lastKnownFileType = file.storyboard; name = Base; path = Base.lproj/LaunchScreen.storyboard; sourceTree = "<group>"; };
		E673E2E524D842BB002717A3 /* Info.plist */ = {isa = PBXFileReference; lastKnownFileType = text.plist.xml; path = Info.plist; sourceTree = "<group>"; };
		E673E2EB24D844D4002717A3 /* Starjedi.ttf */ = {isa = PBXFileReference; lastKnownFileType = file; path = Starjedi.ttf; sourceTree = "<group>"; };
		E673E2EC24D844D4002717A3 /* Starjhol.ttf */ = {isa = PBXFileReference; lastKnownFileType = file; path = Starjhol.ttf; sourceTree = "<group>"; };
		E673E2ED24D844D4002717A3 /* Starjout.ttf */ = {isa = PBXFileReference; lastKnownFileType = file; path = Starjout.ttf; sourceTree = "<group>"; };
		E673E2F624D84C30002717A3 /* BlackBgView.swift */ = {isa = PBXFileReference; lastKnownFileType = sourcecode.swift; path = BlackBgView.swift; sourceTree = "<group>"; };
		E6EF462C24D9A67100A99E54 /* Constants.swift */ = {isa = PBXFileReference; lastKnownFileType = sourcecode.swift; path = Constants.swift; sourceTree = "<group>"; };
		E6EF462F24D9A70A00A99E54 /* PersonApi.swift */ = {isa = PBXFileReference; lastKnownFileType = sourcecode.swift; path = PersonApi.swift; sourceTree = "<group>"; };
		E6EF463124D9B25A00A99E54 /* Person.swift */ = {isa = PBXFileReference; lastKnownFileType = sourcecode.swift; path = Person.swift; sourceTree = "<group>"; };
/* End PBXFileReference section */

/* Begin PBXFrameworksBuildPhase section */
		E673E2CE24D842B7002717A3 /* Frameworks */ = {
			isa = PBXFrameworksBuildPhase;
			buildActionMask = 2147483647;
			files = (
				20B70C2F303F5CE254801E59 /* Pods_StarWars.framework in Frameworks */,
			);
			runOnlyForDeploymentPostprocessing = 0;
		};
/* End PBXFrameworksBuildPhase section */

/* Begin PBXGroup section */
		0F32E1F688A4E6D4B66A2AB5 /* Frameworks */ = {
			isa = PBXGroup;
			children = (
				B5AC239EA8F0C7FB8F393B7C /* Pods_StarWars.framework */,
			);
			name = Frameworks;
			sourceTree = "<group>";
		};
		15F258744F216A889194AE71 /* Pods */ = {
			isa = PBXGroup;
			children = (
				9D1E168A5597AFD9D5925933 /* Pods-StarWars.debug.xcconfig */,
				29D106BCD74E15BE3ED850F9 /* Pods-StarWars.release.xcconfig */,
			);
			path = Pods;
			sourceTree = "<group>";
		};
		E673E2C824D842B7002717A3 = {
			isa = PBXGroup;
			children = (
				E673E2D324D842B7002717A3 /* StarWars */,
				E673E2D224D842B7002717A3 /* Products */,
				15F258744F216A889194AE71 /* Pods */,
				0F32E1F688A4E6D4B66A2AB5 /* Frameworks */,
			);
			sourceTree = "<group>";
		};
		E673E2D224D842B7002717A3 /* Products */ = {
			isa = PBXGroup;
			children = (
				E673E2D124D842B7002717A3 /* StarWars.app */,
			);
			name = Products;
			sourceTree = "<group>";
		};
		E673E2D324D842B7002717A3 /* StarWars */ = {
			isa = PBXGroup;
			children = (
				E6EF462E24D9A6F300A99E54 /* Services */,
				E673E2F524D844FB002717A3 /* Model */,
				E673E2F424D844F6002717A3 /* Controller */,
				E673E2F324D844F0002717A3 /* View */,
				E6EF462B24D9A65F00A99E54 /* Utils */,
				E673E2F224D844E3002717A3 /* Resources */,
				E673E2D624D842B7002717A3 /* SceneDelegate.swift */,
				E673E2DA24D842B7002717A3 /* Main.storyboard */,
				E673E2E024D842BB002717A3 /* Assets.xcassets */,
				E673E2D424D842B7002717A3 /* AppDelegate.swift */,
				E673E2E524D842BB002717A3 /* Info.plist */,
				E673E2E224D842BB002717A3 /* LaunchScreen.storyboard */,
				E673E2DD24D842B7002717A3 /* StarWars.xcdatamodeld */,
			);
			path = StarWars;
			sourceTree = "<group>";
		};
		E673E2F124D844D9002717A3 /* Fonts */ = {
			isa = PBXGroup;
			children = (
				E673E2EB24D844D4002717A3 /* Starjedi.ttf */,
				E673E2EC24D844D4002717A3 /* Starjhol.ttf */,
				E673E2ED24D844D4002717A3 /* Starjout.ttf */,
			);
			path = Fonts;
			sourceTree = "<group>";
		};
		E673E2F224D844E3002717A3 /* Resources */ = {
			isa = PBXGroup;
			children = (
				E673E2F124D844D9002717A3 /* Fonts */,
			);
			path = Resources;
			sourceTree = "<group>";
		};
		E673E2F324D844F0002717A3 /* View */ = {
			isa = PBXGroup;
			children = (
				E673E2F624D84C30002717A3 /* BlackBgView.swift */,
				E668899324DAF6F9009B2F27 /* FadeEnabledBtn.swift */,
			);
			path = View;
			sourceTree = "<group>";
		};
		E673E2F424D844F6002717A3 /* Controller */ = {
			isa = PBXGroup;
			children = (
				E673E2D824D842B7002717A3 /* SelectPersonViewController.swift */,
				E668899524DAFBB3009B2F27 /* HomeworldViewController.swift */,
				E668899724DAFBC4009B2F27 /* VehicleViewController.swift */,
				E668899924DAFBD0009B2F27 /* StarshipViewController.swift */,
				E668899B24DAFBDD009B2F27 /* MovieViewController.swift */,
			);
			path = Controller;
			sourceTree = "<group>";
		};
		E673E2F524D844FB002717A3 /* Model */ = {
			isa = PBXGroup;
			children = (
				E6EF463124D9B25A00A99E54 /* Person.swift */,
			);
			path = Model;
			sourceTree = "<group>";
		};
		E6EF462B24D9A65F00A99E54 /* Utils */ = {
			isa = PBXGroup;
			children = (
				E6EF462C24D9A67100A99E54 /* Constants.swift */,
			);
			path = Utils;
			sourceTree = "<group>";
		};
		E6EF462E24D9A6F300A99E54 /* Services */ = {
			isa = PBXGroup;
			children = (
				E6EF462F24D9A70A00A99E54 /* PersonApi.swift */,
			);
			path = Services;
			sourceTree = "<group>";
		};
/* End PBXGroup section */

/* Begin PBXNativeTarget section */
		E673E2D024D842B7002717A3 /* StarWars */ = {
			isa = PBXNativeTarget;
			buildConfigurationList = E673E2E824D842BB002717A3 /* Build configuration list for PBXNativeTarget "StarWars" */;
			buildPhases = (
				FA759DD2DCCFBD750CF0A32F /* [CP] Check Pods Manifest.lock */,
				E673E2CD24D842B7002717A3 /* Sources */,
				E673E2CE24D842B7002717A3 /* Frameworks */,
				E673E2CF24D842B7002717A3 /* Resources */,
				1902E599FC7278F4A56FCA10 /* [CP] Embed Pods Frameworks */,
			);
			buildRules = (
			);
			dependencies = (
			);
			name = StarWars;
			productName = StarWars;
			productReference = E673E2D124D842B7002717A3 /* StarWars.app */;
			productType = "com.apple.product-type.application";
		};
/* End PBXNativeTarget section */

/* Begin PBXProject section */
		E673E2C924D842B7002717A3 /* Project object */ = {
			isa = PBXProject;
			attributes = {
				LastSwiftUpdateCheck = 1160;
				LastUpgradeCheck = 1160;
				ORGANIZATIONNAME = music.com.chama;
				TargetAttributes = {
					E673E2D024D842B7002717A3 = {
						CreatedOnToolsVersion = 11.6;
					};
				};
			};
			buildConfigurationList = E673E2CC24D842B7002717A3 /* Build configuration list for PBXProject "StarWars" */;
			compatibilityVersion = "Xcode 9.3";
			developmentRegion = en;
			hasScannedForEncodings = 0;
			knownRegions = (
				en,
				Base,
			);
			mainGroup = E673E2C824D842B7002717A3;
			productRefGroup = E673E2D224D842B7002717A3 /* Products */;
			projectDirPath = "";
			projectRoot = "";
			targets = (
				E673E2D024D842B7002717A3 /* StarWars */,
			);
		};
/* End PBXProject section */

/* Begin PBXResourcesBuildPhase section */
		E673E2CF24D842B7002717A3 /* Resources */ = {
			isa = PBXResourcesBuildPhase;
			buildActionMask = 2147483647;
			files = (
				E673E2E424D842BB002717A3 /* LaunchScreen.storyboard in Resources */,
				E673E2E124D842BB002717A3 /* Assets.xcassets in Resources */,
				E673E2EE24D844D4002717A3 /* Starjedi.ttf in Resources */,
				E673E2EF24D844D4002717A3 /* Starjhol.ttf in Resources */,
				E673E2F024D844D4002717A3 /* Starjout.ttf in Resources */,
				E673E2DC24D842B7002717A3 /* Main.storyboard in Resources */,
			);
			runOnlyForDeploymentPostprocessing = 0;
		};
/* End PBXResourcesBuildPhase section */

/* Begin PBXShellScriptBuildPhase section */
		1902E599FC7278F4A56FCA10 /* [CP] Embed Pods Frameworks */ = {
			isa = PBXShellScriptBuildPhase;
			buildActionMask = 2147483647;
			files = (
			);
			inputFileListPaths = (
				"${PODS_ROOT}/Target Support Files/Pods-StarWars/Pods-StarWars-frameworks-${CONFIGURATION}-input-files.xcfilelist",
			);
			name = "[CP] Embed Pods Frameworks";
			outputFileListPaths = (
				"${PODS_ROOT}/Target Support Files/Pods-StarWars/Pods-StarWars-frameworks-${CONFIGURATION}-output-files.xcfilelist",
			);
			runOnlyForDeploymentPostprocessing = 0;
			shellPath = /bin/sh;
			shellScript = "\"${PODS_ROOT}/Target Support Files/Pods-StarWars/Pods-StarWars-frameworks.sh\"\n";
			showEnvVarsInLog = 0;
		};
		FA759DD2DCCFBD750CF0A32F /* [CP] Check Pods Manifest.lock */ = {
			isa = PBXShellScriptBuildPhase;
			buildActionMask = 2147483647;
			files = (
			);
			inputFileListPaths = (
			);
			inputPaths = (
				"${PODS_PODFILE_DIR_PATH}/Podfile.lock",
				"${PODS_ROOT}/Manifest.lock",
			);
			name = "[CP] Check Pods Manifest.lock";
			outputFileListPaths = (
			);
			outputPaths = (
				"$(DERIVED_FILE_DIR)/Pods-StarWars-checkManifestLockResult.txt",
			);
			runOnlyForDeploymentPostprocessing = 0;
			shellPath = /bin/sh;
			shellScript = "diff \"${PODS_PODFILE_DIR_PATH}/Podfile.lock\" \"${PODS_ROOT}/Manifest.lock\" > /dev/null\nif [ $? != 0 ] ; then\n    # print error to STDERR\n    echo \"error: The sandbox is not in sync with the Podfile.lock. Run 'pod install' or update your CocoaPods installation.\" >&2\n    exit 1\nfi\n# This output is used by Xcode 'outputs' to avoid re-running this script phase.\necho \"SUCCESS\" > \"${SCRIPT_OUTPUT_FILE_0}\"\n";
			showEnvVarsInLog = 0;
		};
/* End PBXShellScriptBuildPhase section */

/* Begin PBXSourcesBuildPhase section */
		E673E2CD24D842B7002717A3 /* Sources */ = {
			isa = PBXSourcesBuildPhase;
			buildActionMask = 2147483647;
			files = (
				E668899C24DAFBDD009B2F27 /* MovieViewController.swift in Sources */,
				E668899A24DAFBD0009B2F27 /* StarshipViewController.swift in Sources */,
				E673E2F724D84C30002717A3 /* BlackBgView.swift in Sources */,
				E668899824DAFBC4009B2F27 /* VehicleViewController.swift in Sources */,
				E673E2DF24D842B7002717A3 /* StarWars.xcdatamodeld in Sources */,
				E673E2D924D842B7002717A3 /* SelectPersonViewController.swift in Sources */,
				E673E2D524D842B7002717A3 /* AppDelegate.swift in Sources */,
				E668899624DAFBB3009B2F27 /* HomeworldViewController.swift in Sources */,
				E6EF463024D9A70A00A99E54 /* PersonApi.swift in Sources */,
				E673E2D724D842B7002717A3 /* SceneDelegate.swift in Sources */,
				E6EF463224D9B25A00A99E54 /* Person.swift in Sources */,
				E6EF462D24D9A67100A99E54 /* Constants.swift in Sources */,
				E668899424DAF6F9009B2F27 /* FadeEnabledBtn.swift in Sources */,
			);
			runOnlyForDeploymentPostprocessing = 0;
		};
/* End PBXSourcesBuildPhase section */

/* Begin PBXVariantGroup section */
		E673E2DA24D842B7002717A3 /* Main.storyboard */ = {
			isa = PBXVariantGroup;
			children = (
				E673E2DB24D842B7002717A3 /* Base */,
			);
			name = Main.storyboard;
			sourceTree = "<group>";
		};
		E673E2E224D842BB002717A3 /* LaunchScreen.storyboard */ = {
			isa = PBXVariantGroup;
			children = (
				E673E2E324D842BB002717A3 /* Base */,
			);
			name = LaunchScreen.storyboard;
			sourceTree = "<group>";
		};
/* End PBXVariantGroup section */

/* Begin XCBuildConfiguration section */
		E673E2E624D842BB002717A3 /* Debug */ = {
			isa = XCBuildConfiguration;
			buildSettings = {
				ALWAYS_SEARCH_USER_PATHS = NO;
				CLANG_ANALYZER_NONNULL = YES;
				CLANG_ANALYZER_NUMBER_OBJECT_CONVERSION = YES_AGGRESSIVE;
				CLANG_CXX_LANGUAGE_STANDARD = "gnu++14";
				CLANG_CXX_LIBRARY = "libc++";
				CLANG_ENABLE_MODULES = YES;
				CLANG_ENABLE_OBJC_ARC = YES;
				CLANG_ENABLE_OBJC_WEAK = YES;
				CLANG_WARN_BLOCK_CAPTURE_AUTORELEASING = YES;
				CLANG_WARN_BOOL_CONVERSION = YES;
				CLANG_WARN_COMMA = YES;
				CLANG_WARN_CONSTANT_CONVERSION = YES;
				CLANG_WARN_DEPRECATED_OBJC_IMPLEMENTATIONS = YES;
				CLANG_WARN_DIRECT_OBJC_ISA_USAGE = YES_ERROR;
				CLANG_WARN_DOCUMENTATION_COMMENTS = YES;
				CLANG_WARN_EMPTY_BODY = YES;
				CLANG_WARN_ENUM_CONVERSION = YES;
				CLANG_WARN_INFINITE_RECURSION = YES;
				CLANG_WARN_INT_CONVERSION = YES;
				CLANG_WARN_NON_LITERAL_NULL_CONVERSION = YES;
				CLANG_WARN_OBJC_IMPLICIT_RETAIN_SELF = YES;
				CLANG_WARN_OBJC_LITERAL_CONVERSION = YES;
				CLANG_WARN_OBJC_ROOT_CLASS = YES_ERROR;
				CLANG_WARN_RANGE_LOOP_ANALYSIS = YES;
				CLANG_WARN_STRICT_PROTOTYPES = YES;
				CLANG_WARN_SUSPICIOUS_MOVE = YES;
				CLANG_WARN_UNGUARDED_AVAILABILITY = YES_AGGRESSIVE;
				CLANG_WARN_UNREACHABLE_CODE = YES;
				CLANG_WARN__DUPLICATE_METHOD_MATCH = YES;
				COPY_PHASE_STRIP = NO;
				DEBUG_INFORMATION_FORMAT = dwarf;
				ENABLE_STRICT_OBJC_MSGSEND = YES;
				ENABLE_TESTABILITY = YES;
				GCC_C_LANGUAGE_STANDARD = gnu11;
				GCC_DYNAMIC_NO_PIC = NO;
				GCC_NO_COMMON_BLOCKS = YES;
				GCC_OPTIMIZATION_LEVEL = 0;
				GCC_PREPROCESSOR_DEFINITIONS = (
					"DEBUG=1",
					"$(inherited)",
				);
				GCC_WARN_64_TO_32_BIT_CONVERSION = YES;
				GCC_WARN_ABOUT_RETURN_TYPE = YES_ERROR;
				GCC_WARN_UNDECLARED_SELECTOR = YES;
				GCC_WARN_UNINITIALIZED_AUTOS = YES_AGGRESSIVE;
				GCC_WARN_UNUSED_FUNCTION = YES;
				GCC_WARN_UNUSED_VARIABLE = YES;
				IPHONEOS_DEPLOYMENT_TARGET = 13.6;
				MTL_ENABLE_DEBUG_INFO = INCLUDE_SOURCE;
				MTL_FAST_MATH = YES;
				ONLY_ACTIVE_ARCH = YES;
				SDKROOT = iphoneos;
				SWIFT_ACTIVE_COMPILATION_CONDITIONS = DEBUG;
				SWIFT_OPTIMIZATION_LEVEL = "-Onone";
			};
			name = Debug;
		};
		E673E2E724D842BB002717A3 /* Release */ = {
			isa = XCBuildConfiguration;
			buildSettings = {
				ALWAYS_SEARCH_USER_PATHS = NO;
				CLANG_ANALYZER_NONNULL = YES;
				CLANG_ANALYZER_NUMBER_OBJECT_CONVERSION = YES_AGGRESSIVE;
				CLANG_CXX_LANGUAGE_STANDARD = "gnu++14";
				CLANG_CXX_LIBRARY = "libc++";
				CLANG_ENABLE_MODULES = YES;
				CLANG_ENABLE_OBJC_ARC = YES;
				CLANG_ENABLE_OBJC_WEAK = YES;
				CLANG_WARN_BLOCK_CAPTURE_AUTORELEASING = YES;
				CLANG_WARN_BOOL_CONVERSION = YES;
				CLANG_WARN_COMMA = YES;
				CLANG_WARN_CONSTANT_CONVERSION = YES;
				CLANG_WARN_DEPRECATED_OBJC_IMPLEMENTATIONS = YES;
				CLANG_WARN_DIRECT_OBJC_ISA_USAGE = YES_ERROR;
				CLANG_WARN_DOCUMENTATION_COMMENTS = YES;
				CLANG_WARN_EMPTY_BODY = YES;
				CLANG_WARN_ENUM_CONVERSION = YES;
				CLANG_WARN_INFINITE_RECURSION = YES;
				CLANG_WARN_INT_CONVERSION = YES;
				CLANG_WARN_NON_LITERAL_NULL_CONVERSION = YES;
				CLANG_WARN_OBJC_IMPLICIT_RETAIN_SELF = YES;
				CLANG_WARN_OBJC_LITERAL_CONVERSION = YES;
				CLANG_WARN_OBJC_ROOT_CLASS = YES_ERROR;
				CLANG_WARN_RANGE_LOOP_ANALYSIS = YES;
				CLANG_WARN_STRICT_PROTOTYPES = YES;
				CLANG_WARN_SUSPICIOUS_MOVE = YES;
				CLANG_WARN_UNGUARDED_AVAILABILITY = YES_AGGRESSIVE;
				CLANG_WARN_UNREACHABLE_CODE = YES;
				CLANG_WARN__DUPLICATE_METHOD_MATCH = YES;
				COPY_PHASE_STRIP = NO;
				DEBUG_INFORMATION_FORMAT = "dwarf-with-dsym";
				ENABLE_NS_ASSERTIONS = NO;
				ENABLE_STRICT_OBJC_MSGSEND = YES;
				GCC_C_LANGUAGE_STANDARD = gnu11;
				GCC_NO_COMMON_BLOCKS = YES;
				GCC_WARN_64_TO_32_BIT_CONVERSION = YES;
				GCC_WARN_ABOUT_RETURN_TYPE = YES_ERROR;
				GCC_WARN_UNDECLARED_SELECTOR = YES;
				GCC_WARN_UNINITIALIZED_AUTOS = YES_AGGRESSIVE;
				GCC_WARN_UNUSED_FUNCTION = YES;
				GCC_WARN_UNUSED_VARIABLE = YES;
				IPHONEOS_DEPLOYMENT_TARGET = 13.6;
				MTL_ENABLE_DEBUG_INFO = NO;
				MTL_FAST_MATH = YES;
				SDKROOT = iphoneos;
				SWIFT_COMPILATION_MODE = wholemodule;
				SWIFT_OPTIMIZATION_LEVEL = "-O";
				VALIDATE_PRODUCT = YES;
			};
			name = Release;
		};
		E673E2E924D842BB002717A3 /* Debug */ = {
			isa = XCBuildConfiguration;
			baseConfigurationReference = 9D1E168A5597AFD9D5925933 /* Pods-StarWars.debug.xcconfig */;
			buildSettings = {
				ASSETCATALOG_COMPILER_APPICON_NAME = AppIcon;
				CODE_SIGN_STYLE = Automatic;
				DEVELOPMENT_TEAM = DRP2X5MTUR;
				INFOPLIST_FILE = StarWars/Info.plist;
				LD_RUNPATH_SEARCH_PATHS = (
					"$(inherited)",
					"@executable_path/Frameworks",
				);
				PRODUCT_BUNDLE_IDENTIFIER = music.com.StarWars;
				PRODUCT_NAME = "$(TARGET_NAME)";
				SWIFT_VERSION = 5.0;
				TARGETED_DEVICE_FAMILY = "1,2";
			};
			name = Debug;
		};
		E673E2EA24D842BB002717A3 /* Release */ = {
			isa = XCBuildConfiguration;
			baseConfigurationReference = 29D106BCD74E15BE3ED850F9 /* Pods-StarWars.release.xcconfig */;
			buildSettings = {
				ASSETCATALOG_COMPILER_APPICON_NAME = AppIcon;
				CODE_SIGN_STYLE = Automatic;
				DEVELOPMENT_TEAM = DRP2X5MTUR;
				INFOPLIST_FILE = StarWars/Info.plist;
				LD_RUNPATH_SEARCH_PATHS = (
					"$(inherited)",
					"@executable_path/Frameworks",
				);
				PRODUCT_BUNDLE_IDENTIFIER = music.com.StarWars;
				PRODUCT_NAME = "$(TARGET_NAME)";
				SWIFT_VERSION = 5.0;
				TARGETED_DEVICE_FAMILY = "1,2";
			};
			name = Release;
		};
/* End XCBuildConfiguration section */

/* Begin XCConfigurationList section */
		E673E2CC24D842B7002717A3 /* Build configuration list for PBXProject "StarWars" */ = {
			isa = XCConfigurationList;
			buildConfigurations = (
				E673E2E624D842BB002717A3 /* Debug */,
				E673E2E724D842BB002717A3 /* Release */,
			);
			defaultConfigurationIsVisible = 0;
			defaultConfigurationName = Release;
		};
		E673E2E824D842BB002717A3 /* Build configuration list for PBXNativeTarget "StarWars" */ = {
			isa = XCConfigurationList;
			buildConfigurations = (
				E673E2E924D842BB002717A3 /* Debug */,
				E673E2EA24D842BB002717A3 /* Release */,
			);
			defaultConfigurationIsVisible = 0;
			defaultConfigurationName = Release;
		};
/* End XCConfigurationList section */

/* Begin XCVersionGroup section */
		E673E2DD24D842B7002717A3 /* StarWars.xcdatamodeld */ = {
			isa = XCVersionGroup;
			children = (
				E673E2DE24D842B7002717A3 /* StarWars.xcdatamodel */,
			);
			currentVersion = E673E2DE24D842B7002717A3 /* StarWars.xcdatamodel */;
			path = StarWars.xcdatamodeld;
			sourceTree = "<group>";
			versionGroupType = wrapper.xcdatamodel;
		};
/* End XCVersionGroup section */
	};
	rootObject = E673E2C924D842B7002717A3 /* Project object */;
}
